
Microsoft Visual Studio Solution File, Format Version 12.00
# Visual Studio Version 17
VisualStudioVersion = 17.6.33829.357
MinimumVisualStudioVersion = 10.0.40219.1
Project("{FAE04EC0-301F-11D3-BF4B-00C04F79EFBC}") = "WizMachine", "WizMachine\WizMachine.csproj", "{2E04A315-C531-423C-898E-3747BE7E5096}"
EndProject
Global
	GlobalSection(SolutionConfigurationPlatforms) = preSolution
		Debug|Any CPU = Debug|Any CPU
		Release|Any CPU = Release|Any CPU
	EndGlobalSection
	GlobalSection(ProjectConfigurationPlatforms) = postSolution
		{2E04A315-C531-423C-898E-3747BE7E5096}.Debug|Any CPU.ActiveCfg = Debug|Any CPU
		{2E04A315-C531-423C-898E-3747BE7E5096}.Debug|Any CPU.Build.0 = Debug|Any CPU
		{2E04A315-C531-423C-898E-3747BE7E5096}.Release|Any CPU.ActiveCfg = Release|Any CPU
		{2E04A315-C531-423C-898E-3747BE7E5096}.Release|Any CPU.Build.0 = Release|Any CPU
	EndGlobalSection
	GlobalSection(SolutionProperties) = preSolution
		HideSolutionNode = FALSE
	EndGlobalSection
	GlobalSection(ExtensibilityGlobals) = postSolution
		SolutionGuid = {A26F60F5-899E-4C80-95A4-72238989B8B7}
	EndGlobalSection
EndGlobal
