<?xml version="1.0" encoding="utf-8"?>
<Project ToolsVersion="4.0" xmlns="http://schemas.microsoft.com/developer/msbuild/2003">
  <ItemGroup>
    <Filter Include="Source Files">
      <UniqueIdentifier>{4FC737F1-C7A5-4376-A066-2A32D752A2FF}</UniqueIdentifier>
      <Extensions>cpp;c;cc;cxx;c++;cppm;ixx;def;odl;idl;hpj;bat;asm;asmx</Extensions>
    </Filter>
    <Filter Include="Header Files">
      <UniqueIdentifier>{93995380-89BD-4b04-88EB-625FBE52EBFB}</UniqueIdentifier>
      <Extensions>h;hh;hpp;hxx;h++;hm;inl;inc;ipp;xsd</Extensions>
    </Filter>
    <Filter Include="Resource Files">
      <UniqueIdentifier>{67DA6AB6-F800-4c08-8B7A-83BB121AAD01}</UniqueIdentifier>
      <Extensions>rc;ico;cur;bmp;dlg;rc2;rct;bin;rgs;gif;jpg;jpeg;jpe;resx;tiff;tif;png;wav;mfcribbon-ms</Extensions>
    </Filter>
    <Filter Include="Header Files\Common">
      <UniqueIdentifier>{15fcf6c4-015a-46db-a252-b01213507e68}</UniqueIdentifier>
    </Filter>
    <Filter Include="Source Files\Common">
      <UniqueIdentifier>{f2d8366c-8e15-4e21-aa39-d73d363392de}</UniqueIdentifier>
    </Filter>
    <Filter Include="Header Files\Domain">
      <UniqueIdentifier>{95c114e9-44ba-465c-b1d6-df4dbe16c21e}</UniqueIdentifier>
    </Filter>
    <Filter Include="Source Files\Domain">
      <UniqueIdentifier>{95ebcb52-0025-4caa-8229-fd1bd149fc54}</UniqueIdentifier>
    </Filter>
  </ItemGroup>
  <ItemGroup>
    <ClInclude Include="pch.h">
      <Filter>Header Files</Filter>
    </ClInclude>
    <ClInclude Include="dllmain.h">
      <Filter>Header Files</Filter>
    </ClInclude>
    <ClInclude Include="MemoryManager.h">
      <Filter>Header Files\Common</Filter>
    </ClInclude>
    <ClInclude Include="base.h">
      <Filter>Header Files</Filter>
    </ClInclude>
    <ClInclude Include="cert.h">
      <Filter>Header Files\Domain</Filter>
    </ClInclude>
    <ClInclude Include="file.h">
      <Filter>Header Files\Domain</Filter>
    </ClInclude>
    <ClInclude Include="file_alone.h">
      <Filter>Header Files\Domain</Filter>
    </ClInclude>
    <ClInclude Include="pak.h">
      <Filter>Header Files\Domain</Filter>
    </ClInclude>
    <ClInclude Include="framework.h">
      <Filter>Header Files\Common</Filter>
    </ClInclude>
    <ClInclude Include="crc32.h">
      <Filter>Header Files\Domain</Filter>
    </ClInclude>
    <ClInclude Include="pakpart.h">
      <Filter>Header Files\Domain</Filter>
    </ClInclude>
    <ClInclude Include="sha256.h">
      <Filter>Header Files\Common</Filter>
    </ClInclude>
    <ClInclude Include="spr.h">
      <Filter>Header Files\Domain</Filter>
    </ClInclude>
    <ClInclude Include="utils.h">
      <Filter>Header Files\Common</Filter>
    </ClInclude>
    <ClInclude Include="LogUtil.h">
      <Filter>Header Files\Common</Filter>
    </ClInclude>
    <ClInclude Include="PakWorkManager.h">
      <Filter>Header Files\Domain</Filter>
    </ClInclude>
    <ClInclude Include="BigAloneFile.h">
      <Filter>Header Files\Common</Filter>
    </ClInclude>
  </ItemGroup>
  <ItemGroup>
    <ClCompile Include="dllmain.cpp">
      <Filter>Source Files</Filter>
    </ClCompile>
    <ClCompile Include="MemoryManager.cpp">
      <Filter>Source Files\Common</Filter>
    </ClCompile>
    <ClCompile Include="pch.cpp">
      <Filter>Source Files</Filter>
    </ClCompile>
    <ClCompile Include="cert.cpp">
      <Filter>Source Files\Domain</Filter>
    </ClCompile>
    <ClCompile Include="extractpak.cpp">
      <Filter>Source Files\Domain</Filter>
    </ClCompile>
    <ClCompile Include="packpak.cpp">
      <Filter>Source Files\Domain</Filter>
    </ClCompile>
    <ClCompile Include="pakpart.cpp">
      <Filter>Source Files\Domain</Filter>
    </ClCompile>
    <ClCompile Include="file.cpp">
      <Filter>Source Files\Domain</Filter>
    </ClCompile>
    <ClCompile Include="spr.cpp">
      <Filter>Source Files\Domain</Filter>
    </ClCompile>
    <ClCompile Include="utils.cpp">
      <Filter>Source Files\Common</Filter>
    </ClCompile>
    <ClCompile Include="LogUtil.cpp">
      <Filter>Source Files\Common</Filter>
    </ClCompile>
    <ClCompile Include="PakWorkManager.cpp">
      <Filter>Source Files\Domain</Filter>
    </ClCompile>
  </ItemGroup>
  <ItemGroup>
    <CustomBuild Include="crc64.asm">
      <Filter>Source Files\Common</Filter>
    </CustomBuild>
  </ItemGroup>
  <ItemGroup>
    <None Include="crc64 explain">
      <Filter>Source Files\Common</Filter>
    </None>
  </ItemGroup>
</Project>